
Microsoft Visual Studio Solution File, Format Version 12.00
# Visual Studio Version 16
VisualStudioVersion = 25.0.1706.7
MinimumVisualStudioVersion = 10.0.40219.1
Project("{FAE04EC0-301F-11D3-BF4B-00C04F79EFBC}") = "Client", "Client\Client.csproj", "{75DBAEA3-A974-41E3-8292-C1877E3F8EF3}"
EndProject
Global
	GlobalSection(SolutionConfigurationPlatforms) = preSolution
		Debug|Any CPU = Debug|Any CPU
		Release|Any CPU = Release|Any CPU
	EndGlobalSection
	GlobalSection(ProjectConfigurationPlatforms) = postSolution
		{75DBAEA3-A974-41E3-8292-C1877E3F8EF3}.Debug|Any CPU.ActiveCfg = Debug|Any CPU
		{75DBAEA3-A974-41E3-8292-C1877E3F8EF3}.Debug|Any CPU.Build.0 = Debug|Any CPU
		{75DBAEA3-A974-41E3-8292-C1877E3F8EF3}.Release|Any CPU.ActiveCfg = Release|Any CPU
		{75DBAEA3-A974-41E3-8292-C1877E3F8EF3}.Release|Any CPU.Build.0 = Release|Any CPU
	EndGlobalSection
	GlobalSection(SolutionProperties) = preSolution
		HideSolutionNode = FALSE
	EndGlobalSection
	GlobalSection(ExtensibilityGlobals) = postSolution
		SolutionGuid = {317F2C4B-524C-4D51-9DCD-9C1546109132}
	EndGlobalSection
EndGlobal
